
Microsoft Visual Studio Solution File, Format Version 12.00
# Visual Studio Version 17
VisualStudioVersion = 17.0.31903.59
MinimumVisualStudioVersion = 10.0.40219.1
Project("{9A19103F-16F7-4668-BE54-9A1E7A4F7556}") = "GraphQL.Gateway", "GraphQL\GraphQL.Gateway.csproj", "{66B8D7A4-5F72-40DA-81AB-8404538AF965}"
EndProject
Project("{9A19103F-16F7-4668-BE54-9A1E7A4F7556}") = "User", "User\User.csproj", "{74276661-2651-4AD1-9B30-D0B7A55AF478}"
EndProject
Project("{9A19103F-16F7-4668-BE54-9A1E7A4F7556}") = "Common", "Common\Common.csproj", "{386BE33C-33EF-425F-BA0F-B1F09A568FC2}"
EndProject
Global
	GlobalSection(SolutionConfigurationPlatforms) = preSolution
		Debug|Any CPU = Debug|Any CPU
		Release|Any CPU = Release|Any CPU
	EndGlobalSection
	GlobalSection(ProjectConfigurationPlatforms) = postSolution
		{66B8D7A4-5F72-40DA-81AB-8404538AF965}.Debug|Any CPU.ActiveCfg = Debug|Any CPU
		{66B8D7A4-5F72-40DA-81AB-8404538AF965}.Debug|Any CPU.Build.0 = Debug|Any CPU
		{66B8D7A4-5F72-40DA-81AB-8404538AF965}.Release|Any CPU.ActiveCfg = Release|Any CPU
		{66B8D7A4-5F72-40DA-81AB-8404538AF965}.Release|Any CPU.Build.0 = Release|Any CPU
		{74276661-2651-4AD1-9B30-D0B7A55AF478}.Debug|Any CPU.ActiveCfg = Debug|Any CPU
		{74276661-2651-4AD1-9B30-D0B7A55AF478}.Debug|Any CPU.Build.0 = Debug|Any CPU
		{74276661-2651-4AD1-9B30-D0B7A55AF478}.Release|Any CPU.ActiveCfg = Release|Any CPU
		{74276661-2651-4AD1-9B30-D0B7A55AF478}.Release|Any CPU.Build.0 = Release|Any CPU
		{386BE33C-33EF-425F-BA0F-B1F09A568FC2}.Debug|Any CPU.ActiveCfg = Debug|Any CPU
		{386BE33C-33EF-425F-BA0F-B1F09A568FC2}.Debug|Any CPU.Build.0 = Debug|Any CPU
		{386BE33C-33EF-425F-BA0F-B1F09A568FC2}.Release|Any CPU.ActiveCfg = Release|Any CPU
		{386BE33C-33EF-425F-BA0F-B1F09A568FC2}.Release|Any CPU.Build.0 = Release|Any CPU
	EndGlobalSection
	GlobalSection(SolutionProperties) = preSolution
		HideSolutionNode = FALSE
	EndGlobalSection
	GlobalSection(ExtensibilityGlobals) = postSolution
		SolutionGuid = {9D83F1DA-886E-4742-9855-23998F2D4B2A}
	EndGlobalSection
EndGlobal
